
Microsoft Visual Studio Solution File, Format Version 12.00
# Visual Studio Version 16
VisualStudioVersion = 16.0.29728.190
MinimumVisualStudioVersion = 10.0.40219.1
Project("{8BC9CEB8-8B4A-11D0-8D11-00A0C91BC942}") = "LBNet", "LBNet\LBNet.vcxproj", "{0450F809-8179-4B8E-8B4F-2462E0326739}"
EndProject
Global
	GlobalSection(SolutionConfigurationPlatforms) = preSolution
		Debug|x64 = Debug|x64
		Debug|x86 = Debug|x86
		Release|x64 = Release|x64
		Release|x86 = Release|x86
	EndGlobalSection
	GlobalSection(ProjectConfigurationPlatforms) = postSolution
		{0450F809-8179-4B8E-8B4F-2462E0326739}.Debug|x64.ActiveCfg = Debug|x64
		{0450F809-8179-4B8E-8B4F-2462E0326739}.Debug|x64.Build.0 = Debug|x64
		{0450F809-8179-4B8E-8B4F-2462E0326739}.Debug|x86.ActiveCfg = Debug|Win32
		{0450F809-8179-4B8E-8B4F-2462E0326739}.Debug|x86.Build.0 = Debug|Win32
		{0450F809-8179-4B8E-8B4F-2462E0326739}.Release|x64.ActiveCfg = Release|x64
		{0450F809-8179-4B8E-8B4F-2462E0326739}.Release|x64.Build.0 = Release|x64
		{0450F809-8179-4B8E-8B4F-2462E0326739}.Release|x86.ActiveCfg = Release|Win32
		{0450F809-8179-4B8E-8B4F-2462E0326739}.Release|x86.Build.0 = Release|Win32
	EndGlobalSection
	GlobalSection(SolutionProperties) = preSolution
		HideSolutionNode = FALSE
	EndGlobalSection
	GlobalSection(ExtensibilityGlobals) = postSolution
		SolutionGuid = {BBCC7D6F-79CC-4A3B-A67B-C14736AEDAB5}
	EndGlobalSection
EndGlobal
